
Microsoft Visual Studio Solution File, Format Version 12.00
# Visual Studio Version 17
VisualStudioVersion = 17.0.31903.59
MinimumVisualStudioVersion = 10.0.40219.1
Project("{2150E333-8FDC-42A3-9474-1A3956D46DE8}") = "src", "src", "{827E0CD3-B72D-47B6-A68D-7590B98EB39B}"
EndProject
Project("{FAE04EC0-301F-11D3-BF4B-00C04F79EFBC}") = "EventPipeline.Api", "src\EventPipeline.Api\EventPipeline.Api.csproj", "{F39AED22-C7EC-4FFA-A165-4A6A8FE24BA1}"
EndProject
Project("{FAE04EC0-301F-11D3-BF4B-00C04F79EFBC}") = "EventPipeline.Data", "src\EventPipeline.Data\EventPipeline.Data.csproj", "{6B7E19E4-079C-4003-8747-8F55C0794E59}"
EndProject
Project("{FAE04EC0-301F-11D3-BF4B-00C04F79EFBC}") = "EventPipeline.Services", "src\EventPipeline.Services\EventPipeline.Services.csproj", "{15ACBA3C-7093-44EF-A955-31EC50C89DEF}"
EndProject
Project("{FAE04EC0-301F-11D3-BF4B-00C04F79EFBC}") = "EventPipeline.Worker", "src\EventPipeline.Worker\EventPipeline.Worker.csproj", "{6341C094-4DCB-4298-9F39-15328F1709A3}"
EndProject
Project("{2150E333-8FDC-42A3-9474-1A3956D46DE8}") = "test", "test", "{0C88DD14-F956-CE84-757C-A364CCF449FC}"
EndProject
Project("{FAE04EC0-301F-11D3-BF4B-00C04F79EFBC}") = "EventPipeline.Tests", "test\EventPipeline.Tests\EventPipeline.Tests.csproj", "{885F260C-4398-4274-BF8D-096A2490076F}"
EndProject
Global
	GlobalSection(SolutionConfigurationPlatforms) = preSolution
		Debug|Any CPU = Debug|Any CPU
		Debug|x64 = Debug|x64
		Debug|x86 = Debug|x86
		Release|Any CPU = Release|Any CPU
		Release|x64 = Release|x64
		Release|x86 = Release|x86
	EndGlobalSection
	GlobalSection(ProjectConfigurationPlatforms) = postSolution
		{F39AED22-C7EC-4FFA-A165-4A6A8FE24BA1}.Debug|Any CPU.ActiveCfg = Debug|Any CPU
		{F39AED22-C7EC-4FFA-A165-4A6A8FE24BA1}.Debug|Any CPU.Build.0 = Debug|Any CPU
		{F39AED22-C7EC-4FFA-A165-4A6A8FE24BA1}.Debug|x64.ActiveCfg = Debug|Any CPU
		{F39AED22-C7EC-4FFA-A165-4A6A8FE24BA1}.Debug|x64.Build.0 = Debug|Any CPU
		{F39AED22-C7EC-4FFA-A165-4A6A8FE24BA1}.Debug|x86.ActiveCfg = Debug|Any CPU
		{F39AED22-C7EC-4FFA-A165-4A6A8FE24BA1}.Debug|x86.Build.0 = Debug|Any CPU
		{F39AED22-C7EC-4FFA-A165-4A6A8FE24BA1}.Release|Any CPU.ActiveCfg = Release|Any CPU
		{F39AED22-C7EC-4FFA-A165-4A6A8FE24BA1}.Release|Any CPU.Build.0 = Release|Any CPU
		{F39AED22-C7EC-4FFA-A165-4A6A8FE24BA1}.Release|x64.ActiveCfg = Release|Any CPU
		{F39AED22-C7EC-4FFA-A165-4A6A8FE24BA1}.Release|x64.Build.0 = Release|Any CPU
		{F39AED22-C7EC-4FFA-A165-4A6A8FE24BA1}.Release|x86.ActiveCfg = Release|Any CPU
		{F39AED22-C7EC-4FFA-A165-4A6A8FE24BA1}.Release|x86.Build.0 = Release|Any CPU
		{6B7E19E4-079C-4003-8747-8F55C0794E59}.Debug|Any CPU.ActiveCfg = Debug|Any CPU
		{6B7E19E4-079C-4003-8747-8F55C0794E59}.Debug|Any CPU.Build.0 = Debug|Any CPU
		{6B7E19E4-079C-4003-8747-8F55C0794E59}.Debug|x64.ActiveCfg = Debug|Any CPU
		{6B7E19E4-079C-4003-8747-8F55C0794E59}.Debug|x64.Build.0 = Debug|Any CPU
		{6B7E19E4-079C-4003-8747-8F55C0794E59}.Debug|x86.ActiveCfg = Debug|Any CPU
		{6B7E19E4-079C-4003-8747-8F55C0794E59}.Debug|x86.Build.0 = Debug|Any CPU
		{6B7E19E4-079C-4003-8747-8F55C0794E59}.Release|Any CPU.ActiveCfg = Release|Any CPU
		{6B7E19E4-079C-4003-8747-8F55C0794E59}.Release|Any CPU.Build.0 = Release|Any CPU
		{6B7E19E4-079C-4003-8747-8F55C0794E59}.Release|x64.ActiveCfg = Release|Any CPU
		{6B7E19E4-079C-4003-8747-8F55C0794E59}.Release|x64.Build.0 = Release|Any CPU
		{6B7E19E4-079C-4003-8747-8F55C0794E59}.Release|x86.ActiveCfg = Release|Any CPU
		{6B7E19E4-079C-4003-8747-8F55C0794E59}.Release|x86.Build.0 = Release|Any CPU
		{15ACBA3C-7093-44EF-A955-31EC50C89DEF}.Debug|Any CPU.ActiveCfg = Debug|Any CPU
		{15ACBA3C-7093-44EF-A955-31EC50C89DEF}.Debug|Any CPU.Build.0 = Debug|Any CPU
		{15ACBA3C-7093-44EF-A955-31EC50C89DEF}.Debug|x64.ActiveCfg = Debug|Any CPU
		{15ACBA3C-7093-44EF-A955-31EC50C89DEF}.Debug|x64.Build.0 = Debug|Any CPU
		{15ACBA3C-7093-44EF-A955-31EC50C89DEF}.Debug|x86.ActiveCfg = Debug|Any CPU
		{15ACBA3C-7093-44EF-A955-31EC50C89DEF}.Debug|x86.Build.0 = Debug|Any CPU
		{15ACBA3C-7093-44EF-A955-31EC50C89DEF}.Release|Any CPU.ActiveCfg = Release|Any CPU
		{15ACBA3C-7093-44EF-A955-31EC50C89DEF}.Release|Any CPU.Build.0 = Release|Any CPU
		{15ACBA3C-7093-44EF-A955-31EC50C89DEF}.Release|x64.ActiveCfg = Release|Any CPU
		{15ACBA3C-7093-44EF-A955-31EC50C89DEF}.Release|x64.Build.0 = Release|Any CPU
		{15ACBA3C-7093-44EF-A955-31EC50C89DEF}.Release|x86.ActiveCfg = Release|Any CPU
		{15ACBA3C-7093-44EF-A955-31EC50C89DEF}.Release|x86.Build.0 = Release|Any CPU
		{6341C094-4DCB-4298-9F39-15328F1709A3}.Debug|Any CPU.ActiveCfg = Debug|Any CPU
		{6341C094-4DCB-4298-9F39-15328F1709A3}.Debug|Any CPU.Build.0 = Debug|Any CPU
		{6341C094-4DCB-4298-9F39-15328F1709A3}.Debug|x64.ActiveCfg = Debug|Any CPU
		{6341C094-4DCB-4298-9F39-15328F1709A3}.Debug|x64.Build.0 = Debug|Any CPU
		{6341C094-4DCB-4298-9F39-15328F1709A3}.Debug|x86.ActiveCfg = Debug|Any CPU
		{6341C094-4DCB-4298-9F39-15328F1709A3}.Debug|x86.Build.0 = Debug|Any CPU
		{6341C094-4DCB-4298-9F39-15328F1709A3}.Release|Any CPU.ActiveCfg = Release|Any CPU
		{6341C094-4DCB-4298-9F39-15328F1709A3}.Release|Any CPU.Build.0 = Release|Any CPU
		{6341C094-4DCB-4298-9F39-15328F1709A3}.Release|x64.ActiveCfg = Release|Any CPU
		{6341C094-4DCB-4298-9F39-15328F1709A3}.Release|x64.Build.0 = Release|Any CPU
		{6341C094-4DCB-4298-9F39-15328F1709A3}.Release|x86.ActiveCfg = Release|Any CPU
		{6341C094-4DCB-4298-9F39-15328F1709A3}.Release|x86.Build.0 = Release|Any CPU
		{885F260C-4398-4274-BF8D-096A2490076F}.Debug|Any CPU.ActiveCfg = Debug|Any CPU
		{885F260C-4398-4274-BF8D-096A2490076F}.Debug|Any CPU.Build.0 = Debug|Any CPU
		{885F260C-4398-4274-BF8D-096A2490076F}.Debug|x64.ActiveCfg = Debug|Any CPU
		{885F260C-4398-4274-BF8D-096A2490076F}.Debug|x64.Build.0 = Debug|Any CPU
		{885F260C-4398-4274-BF8D-096A2490076F}.Debug|x86.ActiveCfg = Debug|Any CPU
		{885F260C-4398-4274-BF8D-096A2490076F}.Debug|x86.Build.0 = Debug|Any CPU
		{885F260C-4398-4274-BF8D-096A2490076F}.Release|Any CPU.ActiveCfg = Release|Any CPU
		{885F260C-4398-4274-BF8D-096A2490076F}.Release|Any CPU.Build.0 = Release|Any CPU
		{885F260C-4398-4274-BF8D-096A2490076F}.Release|x64.ActiveCfg = Release|Any CPU
		{885F260C-4398-4274-BF8D-096A2490076F}.Release|x64.Build.0 = Release|Any CPU
		{885F260C-4398-4274-BF8D-096A2490076F}.Release|x86.ActiveCfg = Release|Any CPU
		{885F260C-4398-4274-BF8D-096A2490076F}.Release|x86.Build.0 = Release|Any CPU
	EndGlobalSection
	GlobalSection(SolutionProperties) = preSolution
		HideSolutionNode = FALSE
	EndGlobalSection
	GlobalSection(NestedProjects) = preSolution
		{F39AED22-C7EC-4FFA-A165-4A6A8FE24BA1} = {827E0CD3-B72D-47B6-A68D-7590B98EB39B}
		{6B7E19E4-079C-4003-8747-8F55C0794E59} = {827E0CD3-B72D-47B6-A68D-7590B98EB39B}
		{15ACBA3C-7093-44EF-A955-31EC50C89DEF} = {827E0CD3-B72D-47B6-A68D-7590B98EB39B}
		{6341C094-4DCB-4298-9F39-15328F1709A3} = {827E0CD3-B72D-47B6-A68D-7590B98EB39B}
		{885F260C-4398-4274-BF8D-096A2490076F} = {0C88DD14-F956-CE84-757C-A364CCF449FC}
	EndGlobalSection
EndGlobal
